
Microsoft Visual Studio Solution File, Format Version 12.00
# Visual Studio Version 17
VisualStudioVersion = 17.5.33502.453
MinimumVisualStudioVersion = 10.0.40219.1
Project("{FAE04EC0-301F-11D3-BF4B-00C04F79EFBC}") = "WinFormsApp29", "WinFormsApp29\WinFormsApp29.csproj", "{340A98FC-5F61-439A-9DAB-E5CB5DDCC40A}"
EndProject
Global
	GlobalSection(SolutionConfigurationPlatforms) = preSolution
		Debug|Any CPU = Debug|Any CPU
		Release|Any CPU = Release|Any CPU
	EndGlobalSection
	GlobalSection(ProjectConfigurationPlatforms) = postSolution
		{340A98FC-5F61-439A-9DAB-E5CB5DDCC40A}.Debug|Any CPU.ActiveCfg = Debug|Any CPU
		{340A98FC-5F61-439A-9DAB-E5CB5DDCC40A}.Debug|Any CPU.Build.0 = Debug|Any CPU
		{340A98FC-5F61-439A-9DAB-E5CB5DDCC40A}.Release|Any CPU.ActiveCfg = Release|Any CPU
		{340A98FC-5F61-439A-9DAB-E5CB5DDCC40A}.Release|Any CPU.Build.0 = Release|Any CPU
	EndGlobalSection
	GlobalSection(SolutionProperties) = preSolution
		HideSolutionNode = FALSE
	EndGlobalSection
	GlobalSection(ExtensibilityGlobals) = postSolution
		SolutionGuid = {41B00139-3AC7-41E8-B1C8-67FA364EC0E3}
	EndGlobalSection
EndGlobal
